
Microsoft Visual Studio Solution File, Format Version 12.00
# Visual Studio Version 16
VisualStudioVersion = 16.0.29009.5
MinimumVisualStudioVersion = 10.0.40219.1
Project("{FAE04EC0-301F-11D3-BF4B-00C04F79EFBC}") = "OOPXmasExam2019", "OOPXmasExam2019\OOPXmasExam2019.csproj", "{F39F4C03-3F73-4BBA-A6C6-A514821AC247}"
EndProject
Global
	GlobalSection(SolutionConfigurationPlatforms) = preSolution
		Debug|Any CPU = Debug|Any CPU
		Release|Any CPU = Release|Any CPU
	EndGlobalSection
	GlobalSection(ProjectConfigurationPlatforms) = postSolution
		{F39F4C03-3F73-4BBA-A6C6-A514821AC247}.Debug|Any CPU.ActiveCfg = Debug|Any CPU
		{F39F4C03-3F73-4BBA-A6C6-A514821AC247}.Debug|Any CPU.Build.0 = Debug|Any CPU
		{F39F4C03-3F73-4BBA-A6C6-A514821AC247}.Release|Any CPU.ActiveCfg = Release|Any CPU
		{F39F4C03-3F73-4BBA-A6C6-A514821AC247}.Release|Any CPU.Build.0 = Release|Any CPU
	EndGlobalSection
	GlobalSection(SolutionProperties) = preSolution
		HideSolutionNode = FALSE
	EndGlobalSection
	GlobalSection(ExtensibilityGlobals) = postSolution
		SolutionGuid = {AF01B9E9-0B30-48BB-8D9A-84F3521A323D}
	EndGlobalSection
EndGlobal
